<?xml version="1.0" encoding="utf-8"?>
<Project ToolsVersion="4.0" xmlns="http://schemas.microsoft.com/developer/msbuild/2003">
  <ItemGroup>
    <Filter Include="Audio">
      <UniqueIdentifier>{27f4ad06-f776-4b95-9c88-0955ec52ac69}</UniqueIdentifier>
    </Filter>
    <Filter Include="AzureWolf">
      <UniqueIdentifier>{45497741-148e-465e-b391-f21b11d360be}</UniqueIdentifier>
    </Filter>
    <Filter Include="CoreSystems">
      <UniqueIdentifier>{9a4cb0ea-16b7-4026-ac36-d64204f4886d}</UniqueIdentifier>
    </Filter>
    <Filter Include="Renderer">
      <UniqueIdentifier>{ace937b9-8d02-4c3e-8f22-6035699ac49a}</UniqueIdentifier>
    </Filter>
    <Filter Include="ResourceCache">
      <UniqueIdentifier>{5f506988-84aa-4001-869a-962048305024}</UniqueIdentifier>
    </Filter>
    <Filter Include="SpecificSubsystems">
      <UniqueIdentifier>{eebea46d-8e43-4ae1-bab9-bcdb113aed93}</UniqueIdentifier>
    </Filter>
    <Filter Include="CoreSystems\Utilities">
      <UniqueIdentifier>{7d6ee9e1-0c4d-4ba7-a1dc-27141a882852}</UniqueIdentifier>
    </Filter>
    <Filter Include="CoreSystems\Debugging">
      <UniqueIdentifier>{eb989e08-5e01-4d00-b108-d6ed7fbb9299}</UniqueIdentifier>
    </Filter>
    <Filter Include="Renderer\Graphics3D">
      <UniqueIdentifier>{e8a7ce5a-4a2e-437b-bb03-3a4e87fded86}</UniqueIdentifier>
    </Filter>
    <Filter Include="Renderer\UserInterface">
      <UniqueIdentifier>{f27ca54b-5baf-447c-823e-31248f7f2a9e}</UniqueIdentifier>
    </Filter>
    <Filter Include="CoreSystems\Memory">
      <UniqueIdentifier>{5ca7c80d-151a-402b-b6ab-938d655dd08b}</UniqueIdentifier>
    </Filter>
    <Filter Include="CoreSystems\Utilities\DataTypes">
      <UniqueIdentifier>{c1d7b38d-e9a8-4d5c-956b-f416bd6be199}</UniqueIdentifier>
    </Filter>
    <Filter Include="CoreSystems\Time">
      <UniqueIdentifier>{c8626977-fba1-422d-a44c-83e3fb992931}</UniqueIdentifier>
    </Filter>
    <Filter Include="Renderer\RenderDevice">
      <UniqueIdentifier>{6b731cf1-d69b-4e66-8e45-d0fd690fc420}</UniqueIdentifier>
    </Filter>
    <Filter Include="Renderer\Resources">
      <UniqueIdentifier>{98d9a517-2213-4d2d-b999-7df68bcf4217}</UniqueIdentifier>
    </Filter>
    <Filter Include="Renderer\OpenGLRenderer">
      <UniqueIdentifier>{36aaa18c-714c-4114-8a4c-d8f1ef8d7430}</UniqueIdentifier>
    </Filter>
    <Filter Include="Renderer\AWGLRenderer">
      <UniqueIdentifier>{5a5839f3-e7a1-4330-9dce-d82fd17ef6fc}</UniqueIdentifier>
    </Filter>
    <Filter Include="CoreSystems\StartUp Modules">
      <UniqueIdentifier>{f15c9c28-40b6-4e25-90e8-b9a9d3d0103a}</UniqueIdentifier>
    </Filter>
    <Filter Include="CoreSystems\FileIO">
      <UniqueIdentifier>{5705a04d-16bf-43da-a2ad-7ca483f2d8bf}</UniqueIdentifier>
    </Filter>
    <Filter Include="BasicFoundations">
      <UniqueIdentifier>{5f62f421-f87c-46a2-aa69-f8e2ee08c6bc}</UniqueIdentifier>
    </Filter>
    <Filter Include="Renderer\Shader">
      <UniqueIdentifier>{1cb83d65-f2fe-4146-99c4-2838d7f3aa73}</UniqueIdentifier>
    </Filter>
    <Filter Include="CoreSystems\Utilities\CPractices">
      <UniqueIdentifier>{1a58893b-bc18-4f3a-a353-740099479dd2}</UniqueIdentifier>
    </Filter>
  </ItemGroup>
  <ItemGroup>
    <ClInclude Include="AzureWolf\AzureWolf.h">
      <Filter>AzureWolf</Filter>
    </ClInclude>
    <ClInclude Include="Core Systems\Utilities\types.h">
      <Filter>CoreSystems\Utilities</Filter>
    </ClInclude>
    <ClInclude Include="Core Systems\Debugging\Logger.h">
      <Filter>CoreSystems\Debugging</Filter>
    </ClInclude>
    <ClInclude Include="AzureWolfStd.h" />
    <ClInclude Include="Core Systems\StartUp\AW_Application.h">
      <Filter>CoreSystems\StartUp Modules</Filter>
    </ClInclude>
    <ClInclude Include="AzureWolf\interfaces.h">
      <Filter>AzureWolf</Filter>
    </ClInclude>
    <ClInclude Include="Core Systems\AW_CoreSystems.h">
      <Filter>CoreSystems</Filter>
    </ClInclude>
    <ClInclude Include="Core Systems\Memory\AW_Memory.h">
      <Filter>CoreSystems\Memory</Filter>
    </ClInclude>
    <ClInclude Include="Core Systems\StartUp\AW_WindowApplication.h">
      <Filter>CoreSystems\StartUp Modules</Filter>
    </ClInclude>
    <ClInclude Include="Core Systems\Utilities\DataTypes\AWFloat4.h">
      <Filter>CoreSystems\Utilities\DataTypes</Filter>
    </ClInclude>
    <ClInclude Include="Core Systems\StartUp\AW_Command.h">
      <Filter>CoreSystems\StartUp Modules</Filter>
    </ClInclude>
    <ClInclude Include="Core Systems\Time\AWTime.h">
      <Filter>CoreSystems\Time</Filter>
    </ClInclude>
    <ClInclude Include="Core Systems\Utilities\AWInit.h">
      <Filter>CoreSystems\Utilities</Filter>
    </ClInclude>
    <ClInclude Include="Renderer\RenderDevice\RenderInput.h">
      <Filter>Renderer\RenderDevice</Filter>
    </ClInclude>
    <ClInclude Include="Renderer\AW_Graphics.h">
      <Filter>Renderer</Filter>
    </ClInclude>
    <ClInclude Include="Renderer\AWGLRenderer\AW_Renderer.h">
      <Filter>Renderer\AWGLRenderer</Filter>
    </ClInclude>
    <ClInclude Include="Renderer\AWGLRenderer\AW_GLRenderData.h">
      <Filter>Renderer\AWGLRenderer</Filter>
    </ClInclude>
    <ClInclude Include="Resource Cache\ResourceCache.h">
      <Filter>ResourceCache</Filter>
    </ClInclude>
    <ClInclude Include="Core Systems\FileIO\AW_FileIO.h">
      <Filter>CoreSystems\FileIO</Filter>
    </ClInclude>
    <ClInclude Include="Core Systems\Utilities\math_3d.h">
      <Filter>CoreSystems\Utilities</Filter>
    </ClInclude>
    <ClInclude Include="Core Systems\Utilities\DataTypes\AWMatrix4.h">
      <Filter>CoreSystems\Utilities\DataTypes</Filter>
    </ClInclude>
    <ClInclude Include="Core Systems\Utilities\pipeline.h">
      <Filter>CoreSystems\Utilities</Filter>
    </ClInclude>
    <ClInclude Include="Core Systems\Utilities\camera.h">
      <Filter>CoreSystems\Utilities</Filter>
    </ClInclude>
    <ClInclude Include="Renderer\Resources\AW_Texture.h">
      <Filter>Renderer\Resources</Filter>
    </ClInclude>
    <ClInclude Include="Core Systems\Utilities\CPractices\LinkedList.h">
      <Filter>CoreSystems\Utilities\CPractices</Filter>
    </ClInclude>
    <ClInclude Include="Core Systems\Utilities\CPractices\BST.h">
      <Filter>CoreSystems\Utilities\CPractices</Filter>
    </ClInclude>
    <ClInclude Include="Core Systems\Utilities\CPractices\Recursion.h">
      <Filter>CoreSystems\Utilities\CPractices</Filter>
    </ClInclude>
    <ClInclude Include="Core Systems\Utilities\CPractices\Structors.h">
      <Filter>CoreSystems\Utilities\CPractices</Filter>
    </ClInclude>
    <ClInclude Include="Renderer\OpenGLRenderer\AWOpenGLRendererData.h">
      <Filter>Renderer\OpenGLRenderer</Filter>
    </ClInclude>
  </ItemGroup>
  <ItemGroup>
    <ClCompile Include="AzureWolfStd.cpp" />
    <ClCompile Include="AzureWolf\AzureWolf.cpp">
      <Filter>AzureWolf</Filter>
    </ClCompile>
    <ClCompile Include="Core Systems\Debugging\Logger.cpp">
      <Filter>CoreSystems\Debugging</Filter>
    </ClCompile>
    <ClCompile Include="Core Systems\StartUp\AW_Application.cpp">
      <Filter>CoreSystems\StartUp Modules</Filter>
    </ClCompile>
    <ClCompile Include="Core Systems\StartUp\AW_WindowApplication.cpp">
      <Filter>CoreSystems\StartUp Modules</Filter>
    </ClCompile>
    <ClCompile Include="Core Systems\StartUp\AW_Command.cpp">
      <Filter>CoreSystems\StartUp Modules</Filter>
    </ClCompile>
    <ClCompile Include="Core Systems\StartUp\AW_WindowApplicationMain.cpp">
      <Filter>CoreSystems\StartUp Modules</Filter>
    </ClCompile>
    <ClCompile Include="Core Systems\Time\AWTime.cpp">
      <Filter>CoreSystems\Time</Filter>
    </ClCompile>
    <ClCompile Include="Core Systems\Utilities\AWInit.cpp">
      <Filter>CoreSystems\Utilities</Filter>
    </ClCompile>
    <ClCompile Include="Renderer\AWGLRenderer\AW_Renderer.cpp">
      <Filter>Renderer\AWGLRenderer</Filter>
    </ClCompile>
    <ClCompile Include="Resource Cache\ResourceCache.cpp">
      <Filter>ResourceCache</Filter>
    </ClCompile>
    <ClCompile Include="Core Systems\FileIO\AW_FileIO.cpp">
      <Filter>CoreSystems\FileIO</Filter>
    </ClCompile>
    <ClCompile Include="Core Systems\Utilities\pipeline.cpp">
      <Filter>CoreSystems\Utilities</Filter>
    </ClCompile>
    <ClCompile Include="Core Systems\Utilities\math_3d.cpp">
      <Filter>CoreSystems\Utilities</Filter>
    </ClCompile>
    <ClCompile Include="Core Systems\Utilities\camera.cpp">
      <Filter>CoreSystems\Utilities</Filter>
    </ClCompile>
    <ClCompile Include="Renderer\Resources\AW_Texture.cpp">
      <Filter>Renderer\Resources</Filter>
    </ClCompile>
    <ClCompile Include="Core Systems\Utilities\CPractices\LinkedList.cpp">
      <Filter>CoreSystems\Utilities\CPractices</Filter>
    </ClCompile>
    <ClCompile Include="Core Systems\Utilities\CPractices\BST.cpp">
      <Filter>CoreSystems\Utilities\CPractices</Filter>
    </ClCompile>
    <ClCompile Include="Core Systems\Utilities\CPractices\Recursion.cpp">
      <Filter>CoreSystems\Utilities\CPractices</Filter>
    </ClCompile>
    <ClCompile Include="Core Systems\Utilities\CPractices\Structors.cpp">
      <Filter>CoreSystems\Utilities\CPractices</Filter>
    </ClCompile>
  </ItemGroup>
  <ItemGroup>
    <None Include="Core Systems\Utilities\DataTypes\AWFloat4.inl">
      <Filter>CoreSystems\Utilities\DataTypes</Filter>
    </None>
    <None Include="Core Systems\Utilities\AWTuple.inl">
      <Filter>CoreSystems\Utilities</Filter>
    </None>
    <None Include="Core Systems\StartUp\AW_WindowApplication.inl">
      <Filter>CoreSystems\StartUp Modules</Filter>
    </None>
    <None Include="Core Systems\Memory\AW_Memory.inl">
      <Filter>CoreSystems\Memory</Filter>
    </None>
    <None Include="Renderer\Shader\shader.fs">
      <Filter>Renderer\Shader</Filter>
    </None>
    <None Include="Renderer\Shader\shader.vs">
      <Filter>Renderer\Shader</Filter>
    </None>
    <None Include="Core Systems\Utilities\AWTable.inl">
      <Filter>CoreSystems\Utilities</Filter>
    </None>
    <None Include="Core Systems\Utilities\DataTypes\AWMatrix4.inl">
      <Filter>CoreSystems\Utilities\DataTypes</Filter>
    </None>
    <None Include="Renderer\AWGLRenderer\AW_Renderer.inl">
      <Filter>Renderer\AWGLRenderer</Filter>
    </None>
  </ItemGroup>
</Project>